{
  "name": "pink-queen-md-sessions-generator",
  "version": "1.0.0",
  "lockfileVersion": 2,
  "requires": true,
  "packages": {
    "node_modules/axios": {
      "version": "0.21.1",
      "resolved": "https://registry.npmjs.org/axios/-/axios-0.21.1.tgz",
      "integrity": "sha512-JjfMn9w29oS8s0hIj1uK1JlCU+rUuD+uwdbLNmTpCOqO5hfUG/tmHH1Ba1BBcYkhTWmnI76pWzzWmfhtOxBCuA==",
      "engines": {
        "node": ">=0.10.0"
      }
    },
    "node_modules/express": {
      "version": "4.17.1",
      "resolved": "https://registry.npmjs.org/express/-/express-4.17.1.tgz",
      "integrity": "sha512-VkuD9f91z7jOW5y8gZ2XtVr+JePL0j6n4eCLOcdV92fVmiq40SYfF+DJgGq47fnVgzf0b88zccmy70tZlUM0VA==",
      "engines": {
        "node": ">=0.10.0"
      },
      "dependencies": {
        "accepts": "~1.3.7",
        "array-flatten": "1.1.1",
        "body-parser": "1.19.0",
        "content-disposition": "0.5.3",
        "content-type": "~1.0.4",
        "cookie": "0.4.1",
        "cookie-signature": "1.0.6",
        "debug": "2.6.9",
        "depd": "1.1.2",
        "escape-html": "1.0.3",
        "etag": "~1.8.1",
        "finalhandler": "1.1.2",
        "fresh": "0.5.2",
        "merge-descriptors": "1.0.1",
        "methods": "~1.1.2",
        "parseurl": "~1.3.3",
        "path-to-regexp": "0.1.7",
        "proxy-addr": "~2.0.7",
        "qs": "6.9.6",
        "range-parser": "~1.2.1",
        "send": "0.17.1",
        "serve-static": "1.14.1",
        "setprototypeof": "1.1.1",
        "statuses": "2.0.1",
        "type-is": "~1.6.18",
        "utils-merge": "1.0.1",
        "vary": "~1.1.2"
      }
    }
  },
  "devDependencies": {},
  "engines": {
    "node": ">=14.0.0"
  }
}
